
Microsoft Visual Studio Solution File, Format Version 12.00
# Visual Studio Version 17
VisualStudioVersion = 17.11.35222.181
MinimumVisualStudioVersion = 10.0.40219.1
Project("{FAE04EC0-301F-11D3-BF4B-00C04F79EFBC}") = "C#20241104", "C#20241104.csproj", "{DD1063C8-DE69-43DC-9A35-6E47AA951F68}"
EndProject
Global
	GlobalSection(SolutionConfigurationPlatforms) = preSolution
		Debug|Any CPU = Debug|Any CPU
		Release|Any CPU = Release|Any CPU
	EndGlobalSection
	GlobalSection(ProjectConfigurationPlatforms) = postSolution
		{DD1063C8-DE69-43DC-9A35-6E47AA951F68}.Debug|Any CPU.ActiveCfg = Debug|Any CPU
		{DD1063C8-DE69-43DC-9A35-6E47AA951F68}.Debug|Any CPU.Build.0 = Debug|Any CPU
		{DD1063C8-DE69-43DC-9A35-6E47AA951F68}.Release|Any CPU.ActiveCfg = Release|Any CPU
		{DD1063C8-DE69-43DC-9A35-6E47AA951F68}.Release|Any CPU.Build.0 = Release|Any CPU
	EndGlobalSection
	GlobalSection(SolutionProperties) = preSolution
		HideSolutionNode = FALSE
	EndGlobalSection
	GlobalSection(ExtensibilityGlobals) = postSolution
		SolutionGuid = {68624995-F555-4F91-BBE0-881A30D13330}
	EndGlobalSection
EndGlobal
